
Microsoft Visual Studio Solution File, Format Version 12.00
# Visual Studio 15
VisualStudioVersion = 15.0.27130.2026
MinimumVisualStudioVersion = 10.0.40219.1
Project("{FAE04EC0-301F-11D3-BF4B-00C04F79EFBC}") = "Fridge", "Fridge\Fridge.csproj", "{F3296200-96C6-4E2C-B4A4-CCAEC50411F6}"
EndProject
Global
	GlobalSection(SolutionConfigurationPlatforms) = preSolution
		Debug|Any CPU = Debug|Any CPU
		Release|Any CPU = Release|Any CPU
	EndGlobalSection
	GlobalSection(ProjectConfigurationPlatforms) = postSolution
		{F3296200-96C6-4E2C-B4A4-CCAEC50411F6}.Debug|Any CPU.ActiveCfg = Debug|Any CPU
		{F3296200-96C6-4E2C-B4A4-CCAEC50411F6}.Debug|Any CPU.Build.0 = Debug|Any CPU
		{F3296200-96C6-4E2C-B4A4-CCAEC50411F6}.Release|Any CPU.ActiveCfg = Release|Any CPU
		{F3296200-96C6-4E2C-B4A4-CCAEC50411F6}.Release|Any CPU.Build.0 = Release|Any CPU
	EndGlobalSection
	GlobalSection(SolutionProperties) = preSolution
		HideSolutionNode = FALSE
	EndGlobalSection
	GlobalSection(ExtensibilityGlobals) = postSolution
		SolutionGuid = {FD13CD1B-9BE3-4492-BA50-FFE4ED074503}
	EndGlobalSection
EndGlobal
